
Microsoft Visual Studio Solution File, Format Version 12.00
# Visual Studio Version 17
VisualStudioVersion = 17.14.36518.9
MinimumVisualStudioVersion = 10.0.40219.1
Project("{FAE04EC0-301F-11D3-BF4B-00C04F79EFBC}") = "MusicMate.Api", "backend\MusicMate.Api\MusicMate.Api.csproj", "{C9689308-EBDA-450E-88E3-27B17F78B367}"
EndProject
Project("{FAE04EC0-301F-11D3-BF4B-00C04F79EFBC}") = "MusicMate.Application", "backend\MusicMate.Application\MusicMate.Application.csproj", "{BA761D31-F02C-497B-A23E-04E9B1D06AE3}"
EndProject
Project("{FAE04EC0-301F-11D3-BF4B-00C04F79EFBC}") = "MusicMate.Domain", "backend\MusicMate.Domain\MusicMate.Domain.csproj", "{15B89400-9E6D-4C2D-B360-32921E7065EB}"
EndProject
Project("{FAE04EC0-301F-11D3-BF4B-00C04F79EFBC}") = "MusicMate.Infrastructure", "backend\MusicMate.Infrastructure\MusicMate.Infrastructure.csproj", "{AC6AB837-6EC7-4A9D-A6B1-E900353FA964}"
EndProject
Global
	GlobalSection(SolutionConfigurationPlatforms) = preSolution
		Debug|Any CPU = Debug|Any CPU
		Release|Any CPU = Release|Any CPU
	EndGlobalSection
	GlobalSection(ProjectConfigurationPlatforms) = postSolution
		{C9689308-EBDA-450E-88E3-27B17F78B367}.Debug|Any CPU.ActiveCfg = Debug|Any CPU
		{C9689308-EBDA-450E-88E3-27B17F78B367}.Debug|Any CPU.Build.0 = Debug|Any CPU
		{C9689308-EBDA-450E-88E3-27B17F78B367}.Release|Any CPU.ActiveCfg = Release|Any CPU
		{C9689308-EBDA-450E-88E3-27B17F78B367}.Release|Any CPU.Build.0 = Release|Any CPU
		{BA761D31-F02C-497B-A23E-04E9B1D06AE3}.Debug|Any CPU.ActiveCfg = Debug|Any CPU
		{BA761D31-F02C-497B-A23E-04E9B1D06AE3}.Debug|Any CPU.Build.0 = Debug|Any CPU
		{BA761D31-F02C-497B-A23E-04E9B1D06AE3}.Release|Any CPU.ActiveCfg = Release|Any CPU
		{BA761D31-F02C-497B-A23E-04E9B1D06AE3}.Release|Any CPU.Build.0 = Release|Any CPU
		{15B89400-9E6D-4C2D-B360-32921E7065EB}.Debug|Any CPU.ActiveCfg = Debug|Any CPU
		{15B89400-9E6D-4C2D-B360-32921E7065EB}.Debug|Any CPU.Build.0 = Debug|Any CPU
		{15B89400-9E6D-4C2D-B360-32921E7065EB}.Release|Any CPU.ActiveCfg = Release|Any CPU
		{15B89400-9E6D-4C2D-B360-32921E7065EB}.Release|Any CPU.Build.0 = Release|Any CPU
		{AC6AB837-6EC7-4A9D-A6B1-E900353FA964}.Debug|Any CPU.ActiveCfg = Debug|Any CPU
		{AC6AB837-6EC7-4A9D-A6B1-E900353FA964}.Debug|Any CPU.Build.0 = Debug|Any CPU
		{AC6AB837-6EC7-4A9D-A6B1-E900353FA964}.Release|Any CPU.ActiveCfg = Release|Any CPU
		{AC6AB837-6EC7-4A9D-A6B1-E900353FA964}.Release|Any CPU.Build.0 = Release|Any CPU
	EndGlobalSection
	GlobalSection(SolutionProperties) = preSolution
		HideSolutionNode = FALSE
	EndGlobalSection
	GlobalSection(ExtensibilityGlobals) = postSolution
		SolutionGuid = {89582283-8FE9-4851-9F9F-070A168F3FDD}
	EndGlobalSection
EndGlobal
